// !$*UTF8*$!
{
	archiveVersion = 1;
	classes = {
	};
	objectVersion = 50;
	objects = {

/* Begin PBXBuildFile section */
		955680EF245C541B0078F24C /* CourseList.swift in Sources */ = {isa = PBXBuildFile; fileRef = 955680EE245C541B0078F24C /* CourseList.swift */; };
		F31FA49A245A8FEA00026B73 /* Modifiers.swift in Sources */ = {isa = PBXBuildFile; fileRef = F31FA499245A8FEA00026B73 /* Modifiers.swift */; };
		F31FA4B3245A955600026B73 /* WorkSans-VariableFont_wght.ttf in Resources */ = {isa = PBXBuildFile; fileRef = F31FA49C245A955600026B73 /* WorkSans-VariableFont_wght.ttf */; };
		F31FA4B4245A955600026B73 /* WorkSans-Regular.ttf in Resources */ = {isa = PBXBuildFile; fileRef = F31FA49E245A955600026B73 /* WorkSans-Regular.ttf */; };
		F31FA4B5245A955600026B73 /* WorkSans-Light.ttf in Resources */ = {isa = PBXBuildFile; fileRef = F31FA49F245A955600026B73 /* WorkSans-Light.ttf */; };
		F31FA4B6245A955600026B73 /* WorkSans-ExtraBold.ttf in Resources */ = {isa = PBXBuildFile; fileRef = F31FA4A0245A955600026B73 /* WorkSans-ExtraBold.ttf */; };
		F31FA4B7245A955600026B73 /* WorkSans-SemiBoldItalic.ttf in Resources */ = {isa = PBXBuildFile; fileRef = F31FA4A1245A955600026B73 /* WorkSans-SemiBoldItalic.ttf */; };
		F31FA4B8245A955600026B73 /* WorkSans-MediumItalic.ttf in Resources */ = {isa = PBXBuildFile; fileRef = F31FA4A2245A955600026B73 /* WorkSans-MediumItalic.ttf */; };
		F31FA4B9245A955600026B73 /* WorkSans-BoldItalic.ttf in Resources */ = {isa = PBXBuildFile; fileRef = F31FA4A3245A955600026B73 /* WorkSans-BoldItalic.ttf */; };
		F31FA4BA245A955600026B73 /* WorkSans-ExtraLight.ttf in Resources */ = {isa = PBXBuildFile; fileRef = F31FA4A4245A955600026B73 /* WorkSans-ExtraLight.ttf */; };
		F31FA4BB245A955600026B73 /* WorkSans-ThinItalic.ttf in Resources */ = {isa = PBXBuildFile; fileRef = F31FA4A5245A955600026B73 /* WorkSans-ThinItalic.ttf */; };
		F31FA4BC245A955600026B73 /* WorkSans-ExtraLightItalic.ttf in Resources */ = {isa = PBXBuildFile; fileRef = F31FA4A6245A955600026B73 /* WorkSans-ExtraLightItalic.ttf */; };
		F31FA4BD245A955600026B73 /* WorkSans-Medium.ttf in Resources */ = {isa = PBXBuildFile; fileRef = F31FA4A7245A955600026B73 /* WorkSans-Medium.ttf */; };
		F31FA4BE245A955600026B73 /* WorkSans-SemiBold.ttf in Resources */ = {isa = PBXBuildFile; fileRef = F31FA4A8245A955600026B73 /* WorkSans-SemiBold.ttf */; };
		F31FA4BF245A955600026B73 /* WorkSans-Italic.ttf in Resources */ = {isa = PBXBuildFile; fileRef = F31FA4A9245A955600026B73 /* WorkSans-Italic.ttf */; };
		F31FA4C0245A955600026B73 /* WorkSans-BlackItalic.ttf in Resources */ = {isa = PBXBuildFile; fileRef = F31FA4AA245A955600026B73 /* WorkSans-BlackItalic.ttf */; };
		F31FA4C1245A955600026B73 /* WorkSans-Thin.ttf in Resources */ = {isa = PBXBuildFile; fileRef = F31FA4AB245A955600026B73 /* WorkSans-Thin.ttf */; };
		F31FA4C2245A955600026B73 /* WorkSans-Black.ttf in Resources */ = {isa = PBXBuildFile; fileRef = F31FA4AC245A955600026B73 /* WorkSans-Black.ttf */; };
		F31FA4C3245A955600026B73 /* WorkSans-LightItalic.ttf in Resources */ = {isa = PBXBuildFile; fileRef = F31FA4AD245A955600026B73 /* WorkSans-LightItalic.ttf */; };
		F31FA4C4245A955600026B73 /* WorkSans-ExtraBoldItalic.ttf in Resources */ = {isa = PBXBuildFile; fileRef = F31FA4AE245A955600026B73 /* WorkSans-ExtraBoldItalic.ttf */; };
		F31FA4C5245A955600026B73 /* WorkSans-Bold.ttf in Resources */ = {isa = PBXBuildFile; fileRef = F31FA4AF245A955600026B73 /* WorkSans-Bold.ttf */; };
		F31FA4C6245A955600026B73 /* WorkSans-Italic-VariableFont_wght.ttf in Resources */ = {isa = PBXBuildFile; fileRef = F31FA4B0245A955600026B73 /* WorkSans-Italic-VariableFont_wght.ttf */; };
		F31FA4C7245A955600026B73 /* OFL.txt in Resources */ = {isa = PBXBuildFile; fileRef = F31FA4B1245A955600026B73 /* OFL.txt */; };
		F31FA4C8245A955600026B73 /* README.txt in Resources */ = {isa = PBXBuildFile; fileRef = F31FA4B2245A955600026B73 /* README.txt */; };
		F324C88C2449F79F007E3CE2 /* HomeView.swift in Sources */ = {isa = PBXBuildFile; fileRef = F324C88B2449F79F007E3CE2 /* HomeView.swift */; };
		F36C1593244B4DAD00D56185 /* UpdateList.swift in Sources */ = {isa = PBXBuildFile; fileRef = F36C1592244B4DAD00D56185 /* UpdateList.swift */; };
		F36C1595244B577500D56185 /* UpdateDetail.swift in Sources */ = {isa = PBXBuildFile; fileRef = F36C1594244B577500D56185 /* UpdateDetail.swift */; };
		F36C1597244B5F9F00D56185 /* UpdateStore.swift in Sources */ = {isa = PBXBuildFile; fileRef = F36C1596244B5F9F00D56185 /* UpdateStore.swift */; };
		F37D77CF244EF29800B8F00F /* RingView.swift in Sources */ = {isa = PBXBuildFile; fileRef = F37D77CE244EF29800B8F00F /* RingView.swift */; };
		F3803B0D2444B4F3002BCB7E /* AppDelegate.swift in Sources */ = {isa = PBXBuildFile; fileRef = F3803B0C2444B4F3002BCB7E /* AppDelegate.swift */; };
		F3803B0F2444B4F3002BCB7E /* SceneDelegate.swift in Sources */ = {isa = PBXBuildFile; fileRef = F3803B0E2444B4F3002BCB7E /* SceneDelegate.swift */; };
		F3803B112444B4F3002BCB7E /* ContentView.swift in Sources */ = {isa = PBXBuildFile; fileRef = F3803B102444B4F3002BCB7E /* ContentView.swift */; };
		F3803B132444B4F5002BCB7E /* Assets.xcassets in Resources */ = {isa = PBXBuildFile; fileRef = F3803B122444B4F5002BCB7E /* Assets.xcassets */; };
		F3803B162444B4F5002BCB7E /* Preview Assets.xcassets in Resources */ = {isa = PBXBuildFile; fileRef = F3803B152444B4F5002BCB7E /* Preview Assets.xcassets */; };
		F3803B192444B4F5002BCB7E /* LaunchScreen.storyboard in Resources */ = {isa = PBXBuildFile; fileRef = F3803B172444B4F5002BCB7E /* LaunchScreen.storyboard */; };
		F3854679244C1B0E003DD8D7 /* TabBar.swift in Sources */ = {isa = PBXBuildFile; fileRef = F3854678244C1B0E003DD8D7 /* TabBar.swift */; };
		F3EABBF72448A0900002B193 /* MenuView.swift in Sources */ = {isa = PBXBuildFile; fileRef = F3EABBF62448A0900002B193 /* MenuView.swift */; };
		F3EABBF92448B11C0002B193 /* Home.swift in Sources */ = {isa = PBXBuildFile; fileRef = F3EABBF82448B11C0002B193 /* Home.swift */; };
/* End PBXBuildFile section */

/* Begin PBXFileReference section */
		955680EE245C541B0078F24C /* CourseList.swift */ = {isa = PBXFileReference; lastKnownFileType = sourcecode.swift; path = CourseList.swift; sourceTree = "<group>"; };
		F31FA499245A8FEA00026B73 /* Modifiers.swift */ = {isa = PBXFileReference; lastKnownFileType = sourcecode.swift; path = Modifiers.swift; sourceTree = "<group>"; };
		F31FA49C245A955600026B73 /* WorkSans-VariableFont_wght.ttf */ = {isa = PBXFileReference; lastKnownFileType = file; path = "WorkSans-VariableFont_wght.ttf"; sourceTree = "<group>"; };
		F31FA49E245A955600026B73 /* WorkSans-Regular.ttf */ = {isa = PBXFileReference; lastKnownFileType = file; path = "WorkSans-Regular.ttf"; sourceTree = "<group>"; };
		F31FA49F245A955600026B73 /* WorkSans-Light.ttf */ = {isa = PBXFileReference; lastKnownFileType = file; path = "WorkSans-Light.ttf"; sourceTree = "<group>"; };
		F31FA4A0245A955600026B73 /* WorkSans-ExtraBold.ttf */ = {isa = PBXFileReference; lastKnownFileType = file; path = "WorkSans-ExtraBold.ttf"; sourceTree = "<group>"; };
		F31FA4A1245A955600026B73 /* WorkSans-SemiBoldItalic.ttf */ = {isa = PBXFileReference; lastKnownFileType = file; path = "WorkSans-SemiBoldItalic.ttf"; sourceTree = "<group>"; };
		F31FA4A2245A955600026B73 /* WorkSans-MediumItalic.ttf */ = {isa = PBXFileReference; lastKnownFileType = file; path = "WorkSans-MediumItalic.ttf"; sourceTree = "<group>"; };
		F31FA4A3245A955600026B73 /* WorkSans-BoldItalic.ttf */ = {isa = PBXFileReference; lastKnownFileType = file; path = "WorkSans-BoldItalic.ttf"; sourceTree = "<group>"; };
		F31FA4A4245A955600026B73 /* WorkSans-ExtraLight.ttf */ = {isa = PBXFileReference; lastKnownFileType = file; path = "WorkSans-ExtraLight.ttf"; sourceTree = "<group>"; };
		F31FA4A5245A955600026B73 /* WorkSans-ThinItalic.ttf */ = {isa = PBXFileReference; lastKnownFileType = file; path = "WorkSans-ThinItalic.ttf"; sourceTree = "<group>"; };
		F31FA4A6245A955600026B73 /* WorkSans-ExtraLightItalic.ttf */ = {isa = PBXFileReference; lastKnownFileType = file; path = "WorkSans-ExtraLightItalic.ttf"; sourceTree = "<group>"; };
		F31FA4A7245A955600026B73 /* WorkSans-Medium.ttf */ = {isa = PBXFileReference; lastKnownFileType = file; path = "WorkSans-Medium.ttf"; sourceTree = "<group>"; };
		F31FA4A8245A955600026B73 /* WorkSans-SemiBold.ttf */ = {isa = PBXFileReference; lastKnownFileType = file; path = "WorkSans-SemiBold.ttf"; sourceTree = "<group>"; };
		F31FA4A9245A955600026B73 /* WorkSans-Italic.ttf */ = {isa = PBXFileReference; lastKnownFileType = file; path = "WorkSans-Italic.ttf"; sourceTree = "<group>"; };
		F31FA4AA245A955600026B73 /* WorkSans-BlackItalic.ttf */ = {isa = PBXFileReference; lastKnownFileType = file; path = "WorkSans-BlackItalic.ttf"; sourceTree = "<group>"; };
		F31FA4AB245A955600026B73 /* WorkSans-Thin.ttf */ = {isa = PBXFileReference; lastKnownFileType = file; path = "WorkSans-Thin.ttf"; sourceTree = "<group>"; };
		F31FA4AC245A955600026B73 /* WorkSans-Black.ttf */ = {isa = PBXFileReference; lastKnownFileType = file; path = "WorkSans-Black.ttf"; sourceTree = "<group>"; };
		F31FA4AD245A955600026B73 /* WorkSans-LightItalic.ttf */ = {isa = PBXFileReference; lastKnownFileType = file; path = "WorkSans-LightItalic.ttf"; sourceTree = "<group>"; };
		F31FA4AE245A955600026B73 /* WorkSans-ExtraBoldItalic.ttf */ = {isa = PBXFileReference; lastKnownFileType = file; path = "WorkSans-ExtraBoldItalic.ttf"; sourceTree = "<group>"; };
		F31FA4AF245A955600026B73 /* WorkSans-Bold.ttf */ = {isa = PBXFileReference; lastKnownFileType = file; path = "WorkSans-Bold.ttf"; sourceTree = "<group>"; };
		F31FA4B0245A955600026B73 /* WorkSans-Italic-VariableFont_wght.ttf */ = {isa = PBXFileReference; lastKnownFileType = file; path = "WorkSans-Italic-VariableFont_wght.ttf"; sourceTree = "<group>"; };
		F31FA4B1245A955600026B73 /* OFL.txt */ = {isa = PBXFileReference; fileEncoding = 4; lastKnownFileType = text; path = OFL.txt; sourceTree = "<group>"; };
		F31FA4B2245A955600026B73 /* README.txt */ = {isa = PBXFileReference; fileEncoding = 4; lastKnownFileType = text; path = README.txt; sourceTree = "<group>"; };
		F324C88B2449F79F007E3CE2 /* HomeView.swift */ = {isa = PBXFileReference; lastKnownFileType = sourcecode.swift; path = HomeView.swift; sourceTree = "<group>"; };
		F36C1592244B4DAD00D56185 /* UpdateList.swift */ = {isa = PBXFileReference; lastKnownFileType = sourcecode.swift; path = UpdateList.swift; sourceTree = "<group>"; };
		F36C1594244B577500D56185 /* UpdateDetail.swift */ = {isa = PBXFileReference; lastKnownFileType = sourcecode.swift; path = UpdateDetail.swift; sourceTree = "<group>"; };
		F36C1596244B5F9F00D56185 /* UpdateStore.swift */ = {isa = PBXFileReference; lastKnownFileType = sourcecode.swift; path = UpdateStore.swift; sourceTree = "<group>"; };
		F37D77CE244EF29800B8F00F /* RingView.swift */ = {isa = PBXFileReference; lastKnownFileType = sourcecode.swift; path = RingView.swift; sourceTree = "<group>"; };
		F3803B092444B4F3002BCB7E /* SwiftUI101.app */ = {isa = PBXFileReference; explicitFileType = wrapper.application; includeInIndex = 0; path = SwiftUI101.app; sourceTree = BUILT_PRODUCTS_DIR; };
		F3803B0C2444B4F3002BCB7E /* AppDelegate.swift */ = {isa = PBXFileReference; lastKnownFileType = sourcecode.swift; path = AppDelegate.swift; sourceTree = "<group>"; };
		F3803B0E2444B4F3002BCB7E /* SceneDelegate.swift */ = {isa = PBXFileReference; lastKnownFileType = sourcecode.swift; path = SceneDelegate.swift; sourceTree = "<group>"; };
		F3803B102444B4F3002BCB7E /* ContentView.swift */ = {isa = PBXFileReference; lastKnownFileType = sourcecode.swift; path = ContentView.swift; sourceTree = "<group>"; };
		F3803B122444B4F5002BCB7E /* Assets.xcassets */ = {isa = PBXFileReference; lastKnownFileType = folder.assetcatalog; path = Assets.xcassets; sourceTree = "<group>"; };
		F3803B152444B4F5002BCB7E /* Preview Assets.xcassets */ = {isa = PBXFileReference; lastKnownFileType = folder.assetcatalog; path = "Preview Assets.xcassets"; sourceTree = "<group>"; };
		F3803B182444B4F5002BCB7E /* Base */ = {isa = PBXFileReference; lastKnownFileType = file.storyboard; name = Base; path = Base.lproj/LaunchScreen.storyboard; sourceTree = "<group>"; };
		F3803B1A2444B4F5002BCB7E /* Info.plist */ = {isa = PBXFileReference; lastKnownFileType = text.plist.xml; path = Info.plist; sourceTree = "<group>"; };
		F3854678244C1B0E003DD8D7 /* TabBar.swift */ = {isa = PBXFileReference; lastKnownFileType = sourcecode.swift; path = TabBar.swift; sourceTree = "<group>"; };
		F3EABBF62448A0900002B193 /* MenuView.swift */ = {isa = PBXFileReference; lastKnownFileType = sourcecode.swift; path = MenuView.swift; sourceTree = "<group>"; };
		F3EABBF82448B11C0002B193 /* Home.swift */ = {isa = PBXFileReference; lastKnownFileType = sourcecode.swift; path = Home.swift; sourceTree = "<group>"; };
/* End PBXFileReference section */

/* Begin PBXFrameworksBuildPhase section */
		F3803B062444B4F3002BCB7E /* Frameworks */ = {
			isa = PBXFrameworksBuildPhase;
			buildActionMask = 2147483647;
			files = (
			);
			runOnlyForDeploymentPostprocessing = 0;
		};
/* End PBXFrameworksBuildPhase section */

/* Begin PBXGroup section */
		F31FA49B245A955600026B73 /* Work_Sans */ = {
			isa = PBXGroup;
			children = (
				F31FA49C245A955600026B73 /* WorkSans-VariableFont_wght.ttf */,
				F31FA49D245A955600026B73 /* static */,
				F31FA4B0245A955600026B73 /* WorkSans-Italic-VariableFont_wght.ttf */,
				F31FA4B1245A955600026B73 /* OFL.txt */,
				F31FA4B2245A955600026B73 /* README.txt */,
			);
			path = Work_Sans;
			sourceTree = "<group>";
		};
		F31FA49D245A955600026B73 /* static */ = {
			isa = PBXGroup;
			children = (
				F31FA49E245A955600026B73 /* WorkSans-Regular.ttf */,
				F31FA49F245A955600026B73 /* WorkSans-Light.ttf */,
				F31FA4A0245A955600026B73 /* WorkSans-ExtraBold.ttf */,
				F31FA4A1245A955600026B73 /* WorkSans-SemiBoldItalic.ttf */,
				F31FA4A2245A955600026B73 /* WorkSans-MediumItalic.ttf */,
				F31FA4A3245A955600026B73 /* WorkSans-BoldItalic.ttf */,
				F31FA4A4245A955600026B73 /* WorkSans-ExtraLight.ttf */,
				F31FA4A5245A955600026B73 /* WorkSans-ThinItalic.ttf */,
				F31FA4A6245A955600026B73 /* WorkSans-ExtraLightItalic.ttf */,
				F31FA4A7245A955600026B73 /* WorkSans-Medium.ttf */,
				F31FA4A8245A955600026B73 /* WorkSans-SemiBold.ttf */,
				F31FA4A9245A955600026B73 /* WorkSans-Italic.ttf */,
				F31FA4AA245A955600026B73 /* WorkSans-BlackItalic.ttf */,
				F31FA4AB245A955600026B73 /* WorkSans-Thin.ttf */,
				F31FA4AC245A955600026B73 /* WorkSans-Black.ttf */,
				F31FA4AD245A955600026B73 /* WorkSans-LightItalic.ttf */,
				F31FA4AE245A955600026B73 /* WorkSans-ExtraBoldItalic.ttf */,
				F31FA4AF245A955600026B73 /* WorkSans-Bold.ttf */,
			);
			path = static;
			sourceTree = "<group>";
		};
		F3803B002444B4F3002BCB7E = {
			isa = PBXGroup;
			children = (
				F3803B0B2444B4F3002BCB7E /* SwiftUI101 */,
				F3803B0A2444B4F3002BCB7E /* Products */,
			);
			sourceTree = "<group>";
		};
		F3803B0A2444B4F3002BCB7E /* Products */ = {
			isa = PBXGroup;
			children = (
				F3803B092444B4F3002BCB7E /* SwiftUI101.app */,
			);
			name = Products;
			sourceTree = "<group>";
		};
		F3803B0B2444B4F3002BCB7E /* SwiftUI101 */ = {
			isa = PBXGroup;
			children = (
				F3803B0C2444B4F3002BCB7E /* AppDelegate.swift */,
				F3803B0E2444B4F3002BCB7E /* SceneDelegate.swift */,
				F3803B102444B4F3002BCB7E /* ContentView.swift */,
				F31FA499245A8FEA00026B73 /* Modifiers.swift */,
				F3803B122444B4F5002BCB7E /* Assets.xcassets */,
				F3803B172444B4F5002BCB7E /* LaunchScreen.storyboard */,
				F3803B1A2444B4F5002BCB7E /* Info.plist */,
				F3803B142444B4F5002BCB7E /* Preview Content */,
				F3EABBF62448A0900002B193 /* MenuView.swift */,
				F3854678244C1B0E003DD8D7 /* TabBar.swift */,
				F3EABBF82448B11C0002B193 /* Home.swift */,
				F31FA49B245A955600026B73 /* Work_Sans */,
				F324C88B2449F79F007E3CE2 /* HomeView.swift */,
				F36C1592244B4DAD00D56185 /* UpdateList.swift */,
				F36C1594244B577500D56185 /* UpdateDetail.swift */,
				F37D77CE244EF29800B8F00F /* RingView.swift */,
				955680EE245C541B0078F24C /* CourseList.swift */,
			);
			path = SwiftUI101;
			sourceTree = "<group>";
		};
		F3803B142444B4F5002BCB7E /* Preview Content */ = {
			isa = PBXGroup;
			children = (
				F3803B152444B4F5002BCB7E /* Preview Assets.xcassets */,
				F36C1596244B5F9F00D56185 /* UpdateStore.swift */,
			);
			path = "Preview Content";
			sourceTree = "<group>";
		};
/* End PBXGroup section */

/* Begin PBXNativeTarget section */
		F3803B082444B4F3002BCB7E /* SwiftUI101 */ = {
			isa = PBXNativeTarget;
			buildConfigurationList = F3803B1D2444B4F5002BCB7E /* Build configuration list for PBXNativeTarget "SwiftUI101" */;
			buildPhases = (
				F3803B052444B4F3002BCB7E /* Sources */,
				F3803B062444B4F3002BCB7E /* Frameworks */,
				F3803B072444B4F3002BCB7E /* Resources */,
			);
			buildRules = (
			);
			dependencies = (
			);
			name = SwiftUI101;
			productName = SwiftUI101;
			productReference = F3803B092444B4F3002BCB7E /* SwiftUI101.app */;
			productType = "com.apple.product-type.application";
		};
/* End PBXNativeTarget section */

/* Begin PBXProject section */
		F3803B012444B4F3002BCB7E /* Project object */ = {
			isa = PBXProject;
			attributes = {
				LastSwiftUpdateCheck = 1140;
				LastUpgradeCheck = 1140;
				ORGANIZATIONNAME = phuongzzz;
				TargetAttributes = {
					F3803B082444B4F3002BCB7E = {
						CreatedOnToolsVersion = 11.4;
					};
				};
			};
			buildConfigurationList = F3803B042444B4F3002BCB7E /* Build configuration list for PBXProject "SwiftUI101" */;
			compatibilityVersion = "Xcode 9.3";
			developmentRegion = en;
			hasScannedForEncodings = 0;
			knownRegions = (
				en,
				Base,
			);
			mainGroup = F3803B002444B4F3002BCB7E;
			productRefGroup = F3803B0A2444B4F3002BCB7E /* Products */;
			projectDirPath = "";
			projectRoot = "";
			targets = (
				F3803B082444B4F3002BCB7E /* SwiftUI101 */,
			);
		};
/* End PBXProject section */

/* Begin PBXResourcesBuildPhase section */
		F3803B072444B4F3002BCB7E /* Resources */ = {
			isa = PBXResourcesBuildPhase;
			buildActionMask = 2147483647;
			files = (
				F31FA4BE245A955600026B73 /* WorkSans-SemiBold.ttf in Resources */,
				F3803B192444B4F5002BCB7E /* LaunchScreen.storyboard in Resources */,
				F31FA4C2245A955600026B73 /* WorkSans-Black.ttf in Resources */,
				F31FA4B8245A955600026B73 /* WorkSans-MediumItalic.ttf in Resources */,
				F31FA4C1245A955600026B73 /* WorkSans-Thin.ttf in Resources */,
				F31FA4B7245A955600026B73 /* WorkSans-SemiBoldItalic.ttf in Resources */,
				F31FA4C7245A955600026B73 /* OFL.txt in Resources */,
				F31FA4B9245A955600026B73 /* WorkSans-BoldItalic.ttf in Resources */,
				F31FA4C5245A955600026B73 /* WorkSans-Bold.ttf in Resources */,
				F31FA4B5245A955600026B73 /* WorkSans-Light.ttf in Resources */,
				F31FA4C0245A955600026B73 /* WorkSans-BlackItalic.ttf in Resources */,
				F31FA4C4245A955600026B73 /* WorkSans-ExtraBoldItalic.ttf in Resources */,
				F31FA4BD245A955600026B73 /* WorkSans-Medium.ttf in Resources */,
				F31FA4BB245A955600026B73 /* WorkSans-ThinItalic.ttf in Resources */,
				F31FA4C8245A955600026B73 /* README.txt in Resources */,
				F31FA4BA245A955600026B73 /* WorkSans-ExtraLight.ttf in Resources */,
				F31FA4B6245A955600026B73 /* WorkSans-ExtraBold.ttf in Resources */,
				F31FA4BF245A955600026B73 /* WorkSans-Italic.ttf in Resources */,
				F31FA4C6245A955600026B73 /* WorkSans-Italic-VariableFont_wght.ttf in Resources */,
				F31FA4B3245A955600026B73 /* WorkSans-VariableFont_wght.ttf in Resources */,
				F31FA4BC245A955600026B73 /* WorkSans-ExtraLightItalic.ttf in Resources */,
				F3803B162444B4F5002BCB7E /* Preview Assets.xcassets in Resources */,
				F3803B132444B4F5002BCB7E /* Assets.xcassets in Resources */,
				F31FA4B4245A955600026B73 /* WorkSans-Regular.ttf in Resources */,
				F31FA4C3245A955600026B73 /* WorkSans-LightItalic.ttf in Resources */,
			);
			runOnlyForDeploymentPostprocessing = 0;
		};
/* End PBXResourcesBuildPhase section */

/* Begin PBXSourcesBuildPhase section */
		F3803B052444B4F3002BCB7E /* Sources */ = {
			isa = PBXSourcesBuildPhase;
			buildActionMask = 2147483647;
			files = (
				F3803B0D2444B4F3002BCB7E /* AppDelegate.swift in Sources */,
				F36C1597244B5F9F00D56185 /* UpdateStore.swift in Sources */,
				F36C1593244B4DAD00D56185 /* UpdateList.swift in Sources */,
				F3EABBF72448A0900002B193 /* MenuView.swift in Sources */,
				F31FA49A245A8FEA00026B73 /* Modifiers.swift in Sources */,
				F36C1595244B577500D56185 /* UpdateDetail.swift in Sources */,
				F37D77CF244EF29800B8F00F /* RingView.swift in Sources */,
				F3EABBF92448B11C0002B193 /* Home.swift in Sources */,
				F324C88C2449F79F007E3CE2 /* HomeView.swift in Sources */,
				F3803B0F2444B4F3002BCB7E /* SceneDelegate.swift in Sources */,
				F3803B112444B4F3002BCB7E /* ContentView.swift in Sources */,
				F3854679244C1B0E003DD8D7 /* TabBar.swift in Sources */,
				955680EF245C541B0078F24C /* CourseList.swift in Sources */,
			);
			runOnlyForDeploymentPostprocessing = 0;
		};
/* End PBXSourcesBuildPhase section */

/* Begin PBXVariantGroup section */
		F3803B172444B4F5002BCB7E /* LaunchScreen.storyboard */ = {
			isa = PBXVariantGroup;
			children = (
				F3803B182444B4F5002BCB7E /* Base */,
			);
			name = LaunchScreen.storyboard;
			sourceTree = "<group>";
		};
/* End PBXVariantGroup section */

/* Begin XCBuildConfiguration section */
		F3803B1B2444B4F5002BCB7E /* Debug */ = {
			isa = XCBuildConfiguration;
			buildSettings = {
				ALWAYS_SEARCH_USER_PATHS = NO;
				CLANG_ANALYZER_NONNULL = YES;
				CLANG_ANALYZER_NUMBER_OBJECT_CONVERSION = YES_AGGRESSIVE;
				CLANG_CXX_LANGUAGE_STANDARD = "gnu++14";
				CLANG_CXX_LIBRARY = "libc++";
				CLANG_ENABLE_MODULES = YES;
				CLANG_ENABLE_OBJC_ARC = YES;
				CLANG_ENABLE_OBJC_WEAK = YES;
				CLANG_WARN_BLOCK_CAPTURE_AUTORELEASING = YES;
				CLANG_WARN_BOOL_CONVERSION = YES;
				CLANG_WARN_COMMA = YES;
				CLANG_WARN_CONSTANT_CONVERSION = YES;
				CLANG_WARN_DEPRECATED_OBJC_IMPLEMENTATIONS = YES;
				CLANG_WARN_DIRECT_OBJC_ISA_USAGE = YES_ERROR;
				CLANG_WARN_DOCUMENTATION_COMMENTS = YES;
				CLANG_WARN_EMPTY_BODY = YES;
				CLANG_WARN_ENUM_CONVERSION = YES;
				CLANG_WARN_INFINITE_RECURSION = YES;
				CLANG_WARN_INT_CONVERSION = YES;
				CLANG_WARN_NON_LITERAL_NULL_CONVERSION = YES;
				CLANG_WARN_OBJC_IMPLICIT_RETAIN_SELF = YES;
				CLANG_WARN_OBJC_LITERAL_CONVERSION = YES;
				CLANG_WARN_OBJC_ROOT_CLASS = YES_ERROR;
				CLANG_WARN_RANGE_LOOP_ANALYSIS = YES;
				CLANG_WARN_STRICT_PROTOTYPES = YES;
				CLANG_WARN_SUSPICIOUS_MOVE = YES;
				CLANG_WARN_UNGUARDED_AVAILABILITY = YES_AGGRESSIVE;
				CLANG_WARN_UNREACHABLE_CODE = YES;
				CLANG_WARN__DUPLICATE_METHOD_MATCH = YES;
				COPY_PHASE_STRIP = NO;
				DEBUG_INFORMATION_FORMAT = dwarf;
				ENABLE_STRICT_OBJC_MSGSEND = YES;
				ENABLE_TESTABILITY = YES;
				GCC_C_LANGUAGE_STANDARD = gnu11;
				GCC_DYNAMIC_NO_PIC = NO;
				GCC_NO_COMMON_BLOCKS = YES;
				GCC_OPTIMIZATION_LEVEL = 0;
				GCC_PREPROCESSOR_DEFINITIONS = (
					"DEBUG=1",
					"$(inherited)",
				);
				GCC_WARN_64_TO_32_BIT_CONVERSION = YES;
				GCC_WARN_ABOUT_RETURN_TYPE = YES_ERROR;
				GCC_WARN_UNDECLARED_SELECTOR = YES;
				GCC_WARN_UNINITIALIZED_AUTOS = YES_AGGRESSIVE;
				GCC_WARN_UNUSED_FUNCTION = YES;
				GCC_WARN_UNUSED_VARIABLE = YES;
				IPHONEOS_DEPLOYMENT_TARGET = 13.4;
				MTL_ENABLE_DEBUG_INFO = INCLUDE_SOURCE;
				MTL_FAST_MATH = YES;
				ONLY_ACTIVE_ARCH = YES;
				SDKROOT = iphoneos;
				SWIFT_ACTIVE_COMPILATION_CONDITIONS = DEBUG;
				SWIFT_OPTIMIZATION_LEVEL = "-Onone";
			};
			name = Debug;
		};
		F3803B1C2444B4F5002BCB7E /* Release */ = {
			isa = XCBuildConfiguration;
			buildSettings = {
				ALWAYS_SEARCH_USER_PATHS = NO;
				CLANG_ANALYZER_NONNULL = YES;
				CLANG_ANALYZER_NUMBER_OBJECT_CONVERSION = YES_AGGRESSIVE;
				CLANG_CXX_LANGUAGE_STANDARD = "gnu++14";
				CLANG_CXX_LIBRARY = "libc++";
				CLANG_ENABLE_MODULES = YES;
				CLANG_ENABLE_OBJC_ARC = YES;
				CLANG_ENABLE_OBJC_WEAK = YES;
				CLANG_WARN_BLOCK_CAPTURE_AUTORELEASING = YES;
				CLANG_WARN_BOOL_CONVERSION = YES;
				CLANG_WARN_COMMA = YES;
				CLANG_WARN_CONSTANT_CONVERSION = YES;
				CLANG_WARN_DEPRECATED_OBJC_IMPLEMENTATIONS = YES;
				CLANG_WARN_DIRECT_OBJC_ISA_USAGE = YES_ERROR;
				CLANG_WARN_DOCUMENTATION_COMMENTS = YES;
				CLANG_WARN_EMPTY_BODY = YES;
				CLANG_WARN_ENUM_CONVERSION = YES;
				CLANG_WARN_INFINITE_RECURSION = YES;
				CLANG_WARN_INT_CONVERSION = YES;
				CLANG_WARN_NON_LITERAL_NULL_CONVERSION = YES;
				CLANG_WARN_OBJC_IMPLICIT_RETAIN_SELF = YES;
				CLANG_WARN_OBJC_LITERAL_CONVERSION = YES;
				CLANG_WARN_OBJC_ROOT_CLASS = YES_ERROR;
				CLANG_WARN_RANGE_LOOP_ANALYSIS = YES;
				CLANG_WARN_STRICT_PROTOTYPES = YES;
				CLANG_WARN_SUSPICIOUS_MOVE = YES;
				CLANG_WARN_UNGUARDED_AVAILABILITY = YES_AGGRESSIVE;
				CLANG_WARN_UNREACHABLE_CODE = YES;
				CLANG_WARN__DUPLICATE_METHOD_MATCH = YES;
				COPY_PHASE_STRIP = NO;
				DEBUG_INFORMATION_FORMAT = "dwarf-with-dsym";
				ENABLE_NS_ASSERTIONS = NO;
				ENABLE_STRICT_OBJC_MSGSEND = YES;
				GCC_C_LANGUAGE_STANDARD = gnu11;
				GCC_NO_COMMON_BLOCKS = YES;
				GCC_WARN_64_TO_32_BIT_CONVERSION = YES;
				GCC_WARN_ABOUT_RETURN_TYPE = YES_ERROR;
				GCC_WARN_UNDECLARED_SELECTOR = YES;
				GCC_WARN_UNINITIALIZED_AUTOS = YES_AGGRESSIVE;
				GCC_WARN_UNUSED_FUNCTION = YES;
				GCC_WARN_UNUSED_VARIABLE = YES;
				IPHONEOS_DEPLOYMENT_TARGET = 13.4;
				MTL_ENABLE_DEBUG_INFO = NO;
				MTL_FAST_MATH = YES;
				SDKROOT = iphoneos;
				SWIFT_COMPILATION_MODE = wholemodule;
				SWIFT_OPTIMIZATION_LEVEL = "-O";
				VALIDATE_PRODUCT = YES;
			};
			name = Release;
		};
		F3803B1E2444B4F5002BCB7E /* Debug */ = {
			isa = XCBuildConfiguration;
			buildSettings = {
				ASSETCATALOG_COMPILER_APPICON_NAME = AppIcon;
				CODE_SIGN_STYLE = Automatic;
				DEVELOPMENT_ASSET_PATHS = "\"SwiftUI101/Preview Content\"";
				DEVELOPMENT_TEAM = 83QKVV3FZ9;
				ENABLE_PREVIEWS = YES;
				INFOPLIST_FILE = SwiftUI101/Info.plist;
				LD_RUNPATH_SEARCH_PATHS = (
					"$(inherited)",
					"@executable_path/Frameworks",
				);
				PRODUCT_BUNDLE_IDENTIFIER = com.phuongzzz.SwiftUI101;
				PRODUCT_NAME = "$(TARGET_NAME)";
				SWIFT_VERSION = 5.0;
				TARGETED_DEVICE_FAMILY = "1,2";
			};
			name = Debug;
		};
		F3803B1F2444B4F5002BCB7E /* Release */ = {
			isa = XCBuildConfiguration;
			buildSettings = {
				ASSETCATALOG_COMPILER_APPICON_NAME = AppIcon;
				CODE_SIGN_STYLE = Automatic;
				DEVELOPMENT_ASSET_PATHS = "\"SwiftUI101/Preview Content\"";
				DEVELOPMENT_TEAM = 83QKVV3FZ9;
				ENABLE_PREVIEWS = YES;
				INFOPLIST_FILE = SwiftUI101/Info.plist;
				LD_RUNPATH_SEARCH_PATHS = (
					"$(inherited)",
					"@executable_path/Frameworks",
				);
				PRODUCT_BUNDLE_IDENTIFIER = com.phuongzzz.SwiftUI101;
				PRODUCT_NAME = "$(TARGET_NAME)";
				SWIFT_VERSION = 5.0;
				TARGETED_DEVICE_FAMILY = "1,2";
			};
			name = Release;
		};
/* End XCBuildConfiguration section */

/* Begin XCConfigurationList section */
		F3803B042444B4F3002BCB7E /* Build configuration list for PBXProject "SwiftUI101" */ = {
			isa = XCConfigurationList;
			buildConfigurations = (
				F3803B1B2444B4F5002BCB7E /* Debug */,
				F3803B1C2444B4F5002BCB7E /* Release */,
			);
			defaultConfigurationIsVisible = 0;
			defaultConfigurationName = Release;
		};
		F3803B1D2444B4F5002BCB7E /* Build configuration list for PBXNativeTarget "SwiftUI101" */ = {
			isa = XCConfigurationList;
			buildConfigurations = (
				F3803B1E2444B4F5002BCB7E /* Debug */,
				F3803B1F2444B4F5002BCB7E /* Release */,
			);
			defaultConfigurationIsVisible = 0;
			defaultConfigurationName = Release;
		};
/* End XCConfigurationList section */
	};
	rootObject = F3803B012444B4F3002BCB7E /* Project object */;
}
